<?xml version="1.0" encoding="utf-8"?>
<Project ToolsVersion="4.0" xmlns="http://schemas.microsoft.com/developer/msbuild/2003">
  <ItemGroup>
    <Filter Include="Common">
      <UniqueIdentifier>3b11e4ac-5d12-4acb-a5e4-8faaa69519f9</UniqueIdentifier>
    </Filter>
    <Filter Include="Assets">
      <UniqueIdentifier>58607b5c-a5fb-4b95-8ca7-4ab0549ccd33</UniqueIdentifier>
      <Extensions>ico;cur;bmp;dds;dlg;fbx;rct;bin;rgs;gif;jpg;jpeg;jpe;resx;tga;tiff;tif;png;wav;mfcribbon-ms</Extensions>
    </Filter>
    <Filter Include="GameLoop">
      <UniqueIdentifier>{8a1eb1ff-b944-4453-9ebd-b07a051aeadc}</UniqueIdentifier>
    </Filter>
    <Filter Include="IScene">
      <UniqueIdentifier>{972675d9-5a97-4792-95b5-af7e631221f2}</UniqueIdentifier>
    </Filter>
    <Filter Include="GameMain">
      <UniqueIdentifier>{941c7117-b2d9-4102-8ce2-6aca54491ae6}</UniqueIdentifier>
    </Filter>
    <Filter Include="pch">
      <UniqueIdentifier>{3e217278-3bac-4b95-9d22-e933b285749f}</UniqueIdentifier>
    </Filter>
    <Filter Include="Resources">
      <UniqueIdentifier>{d03fc034-8115-4f08-8c86-f4d43e011a31}</UniqueIdentifier>
    </Filter>
    <Filter Include="Resources\Textures">
      <UniqueIdentifier>{3675a529-c864-468b-aa6b-f9786b51642d}</UniqueIdentifier>
    </Filter>
    <Filter Include="Resources\Models">
      <UniqueIdentifier>{e2d29db9-cf39-4c1e-b545-e4e2c3719d5f}</UniqueIdentifier>
    </Filter>
    <Filter Include="Common\Camera">
      <UniqueIdentifier>{5653c5f1-8b91-4ec8-926b-a84d51730494}</UniqueIdentifier>
    </Filter>
    <Filter Include="Common\Collider">
      <UniqueIdentifier>{2173a58a-097e-49f5-8119-2a4221b9f1ce}</UniqueIdentifier>
    </Filter>
    <Filter Include="Common\DeviceResources">
      <UniqueIdentifier>{a2d73052-253b-4e9b-b2fa-e34918ac4ad7}</UniqueIdentifier>
    </Filter>
    <Filter Include="Common\DrawString">
      <UniqueIdentifier>{4e74567a-c8e0-4d55-897c-84489a262085}</UniqueIdentifier>
    </Filter>
    <Filter Include="Common\GridFloor">
      <UniqueIdentifier>{4b800ea6-ace5-4bd5-b7d6-2ff72fe944cc}</UniqueIdentifier>
    </Filter>
    <Filter Include="Common\MapLoad">
      <UniqueIdentifier>{0fe180e7-fe66-453f-afc3-6b0091d33735}</UniqueIdentifier>
    </Filter>
    <Filter Include="Common\RayCast">
      <UniqueIdentifier>{21ce2c6b-b070-4805-a3ba-cb7bf7bae8e6}</UniqueIdentifier>
    </Filter>
    <Filter Include="Common\HeaderOnly">
      <UniqueIdentifier>{e6876608-32b7-4fe9-b504-5b194bd9baf0}</UniqueIdentifier>
    </Filter>
    <Filter Include="Scenes">
      <UniqueIdentifier>{ac0ca22b-0a98-41d8-99cb-c97109329248}</UniqueIdentifier>
    </Filter>
    <Filter Include="Scenes\ResultScene">
      <UniqueIdentifier>{30cf41e5-4992-4f54-aa3c-e92d1232d6df}</UniqueIdentifier>
    </Filter>
    <Filter Include="Scenes\SelectScene">
      <UniqueIdentifier>{31000f87-0069-405b-a113-80df8e6a5691}</UniqueIdentifier>
    </Filter>
    <Filter Include="Scenes\TitleScene">
      <UniqueIdentifier>{8893bd6f-1e61-4c48-ad02-79cb383339e7}</UniqueIdentifier>
    </Filter>
    <Filter Include="SystemManager">
      <UniqueIdentifier>{7f1eb7c5-76c0-4700-81fe-b6cfd2ba3176}</UniqueIdentifier>
    </Filter>
    <Filter Include="Factories">
      <UniqueIdentifier>{a396931d-e107-4640-a03e-917f27bce54c}</UniqueIdentifier>
    </Filter>
    <Filter Include="Scenes\EditScene">
      <UniqueIdentifier>{97c9aef9-e8f0-4ac8-b3be-082c137631f6}</UniqueIdentifier>
    </Filter>
    <Filter Include="Scenes\PlayScene">
      <UniqueIdentifier>{6d7048f2-a7c6-4a38-bf2a-53e95b7d2a02}</UniqueIdentifier>
    </Filter>
    <Filter Include="Common\DrawSprite">
      <UniqueIdentifier>{358594c6-9a83-47e0-b9bc-f4b09b8969aa}</UniqueIdentifier>
    </Filter>
    <Filter Include="Scenes\PlayScene\Objects">
      <UniqueIdentifier>{4d0fee0f-0e97-4487-87c4-46947366d327}</UniqueIdentifier>
    </Filter>
    <Filter Include="Scenes\PlayScene\Objects\Player">
      <UniqueIdentifier>{93ed7396-01d0-44f0-be58-a6e499032fe0}</UniqueIdentifier>
    </Filter>
    <Filter Include="Scenes\EditScene\Objects">
      <UniqueIdentifier>{0b6acfe5-f1a3-4424-873c-3f20290cf034}</UniqueIdentifier>
    </Filter>
    <Filter Include="Scenes\EditScene\Objects\UserInterface">
      <UniqueIdentifier>{1ac4315d-6ab2-417c-9d03-6a3aee9cdf73}</UniqueIdentifier>
    </Filter>
    <Filter Include="Common\Fade">
      <UniqueIdentifier>{7c91f0be-f5e3-4cf5-b110-ada0c1ed334d}</UniqueIdentifier>
    </Filter>
    <Filter Include="Resources\Shaders">
      <UniqueIdentifier>{f529bb67-c32b-4d65-9654-6bcdb90f737e}</UniqueIdentifier>
    </Filter>
    <Filter Include="Resources\ShaderTextures">
      <UniqueIdentifier>{9d3181b9-b3cd-4599-9d66-03abaa88201e}</UniqueIdentifier>
    </Filter>
    <Filter Include="Scenes\PlayScene\Objects\PlayerBill">
      <UniqueIdentifier>{4b2e6075-43f4-4486-91a2-c3f1622903f4}</UniqueIdentifier>
    </Filter>
    <Filter Include="Common\LoadFile">
      <UniqueIdentifier>{af46853b-0996-4feb-806f-3950f9049de7}</UniqueIdentifier>
    </Filter>
    <Filter Include="Common\ParticleUtility">
      <UniqueIdentifier>{834a3b38-b4e4-4766-bd4c-ab0f49ad1554}</UniqueIdentifier>
    </Filter>
    <Filter Include="Scenes\PlayScene\Objects\Blocks">
      <UniqueIdentifier>{172a3131-3b9a-476c-9c20-86911f3cc348}</UniqueIdentifier>
    </Filter>
    <Filter Include="Scenes\PlayScene\Objects\PlayUI">
      <UniqueIdentifier>{83720363-c958-4b84-8836-b0096f46d4f0}</UniqueIdentifier>
    </Filter>
    <Filter Include="Resources\Textures\FONT">
      <UniqueIdentifier>{509dc2a6-c44e-4a81-8770-7f94b47d8711}</UniqueIdentifier>
    </Filter>
    <Filter Include="Resources\Models\Stage">
      <UniqueIdentifier>{6f458962-5566-44f3-8d4b-67fc1e47e5f2}</UniqueIdentifier>
    </Filter>
    <Filter Include="Resources\Textures\BLOCK">
      <UniqueIdentifier>{8efaf320-95be-4e10-a39b-7f7fe4ff6a4b}</UniqueIdentifier>
    </Filter>
    <Filter Include="Resources\Models\Player">
      <UniqueIdentifier>{09819858-83fe-49c8-8e09-d95745ece799}</UniqueIdentifier>
    </Filter>
    <Filter Include="Resources\Models\MapObject">
      <UniqueIdentifier>{580a5ff2-b3ac-4e77-b085-7a3d3b261983}</UniqueIdentifier>
    </Filter>
    <Filter Include="Resources\Models\SkyDome">
      <UniqueIdentifier>{79a8fc36-441d-4c59-bb5e-22307b0541fc}</UniqueIdentifier>
    </Filter>
    <Filter Include="Resources\Models\TitleScene">
      <UniqueIdentifier>{aa932485-778b-4cc0-b2e5-dd5d594ec9ea}</UniqueIdentifier>
    </Filter>
    <Filter Include="Resources\Models\EditScene">
      <UniqueIdentifier>{039dfd5a-09a2-4979-b4a7-2e359068a3d4}</UniqueIdentifier>
    </Filter>
    <Filter Include="Scenes\PlayScene\System">
      <UniqueIdentifier>{aab73a85-14ec-48b6-9c65-8b55d8270078}</UniqueIdentifier>
    </Filter>
    <Filter Include="Resources\Textures\TITLE_BUTTON">
      <UniqueIdentifier>{db1f1fe7-7225-4562-8991-e7eaa3f4504b}</UniqueIdentifier>
    </Filter>
    <Filter Include="Scenes\TitleScene\Objects">
      <UniqueIdentifier>{d8578fdf-1848-4fc0-ad4f-d5921d2d1bb6}</UniqueIdentifier>
    </Filter>
    <Filter Include="Scenes\TitleScene\Objects\TitleUI">
      <UniqueIdentifier>{b0719780-d5f7-4350-a413-edae7b8899c7}</UniqueIdentifier>
    </Filter>
    <Filter Include="Resources\Textures\EditScene">
      <UniqueIdentifier>{5bbfed9e-5864-4179-9609-ce004e514ba6}</UniqueIdentifier>
    </Filter>
    <Filter Include="Resources\Textures\ResultScene">
      <UniqueIdentifier>{ce8e8b18-cb64-4c58-9c1a-17335cc519ae}</UniqueIdentifier>
    </Filter>
    <Filter Include="Resources\Textures\Common">
      <UniqueIdentifier>{4126d17c-f051-4be2-ac0c-55f8ae1682ff}</UniqueIdentifier>
    </Filter>
    <Filter Include="Resources\Textures\PLAY_UI">
      <UniqueIdentifier>{f3d64e40-0e24-4d52-a60d-4d7bf3f2c721}</UniqueIdentifier>
    </Filter>
    <Filter Include="Resources\Textures\PLAY_UI\PLAY_HELP">
      <UniqueIdentifier>{8a98519b-37bd-4a79-be13-4abedcb3ba54}</UniqueIdentifier>
    </Filter>
    <Filter Include="Common\MouseCursor">
      <UniqueIdentifier>{dec65e1a-97d1-40d8-88cf-2337775d9678}</UniqueIdentifier>
    </Filter>
    <Filter Include="Resources\Textures\ADHESION">
      <UniqueIdentifier>{94cab510-cd66-4931-8cf4-dbb17e5120f9}</UniqueIdentifier>
    </Filter>
    <Filter Include="Scenes\SelectScene\Objects">
      <UniqueIdentifier>{b184d944-50fd-427a-8bb5-0386bea9f225}</UniqueIdentifier>
    </Filter>
    <Filter Include="Scenes\SelectScene\Objects\SelectUI">
      <UniqueIdentifier>{9670ac7c-69ce-4205-a50f-923f192e9366}</UniqueIdentifier>
    </Filter>
    <Filter Include="Resources\Textures\SELECT_INFO">
      <UniqueIdentifier>{74b2bb85-213b-403d-9f9a-c6260d64bd24}</UniqueIdentifier>
    </Filter>
    <Filter Include="Common\SoundEffect">
      <UniqueIdentifier>{5db3329a-55cd-4424-9dad-4178c5cbb029}</UniqueIdentifier>
    </Filter>
    <Filter Include="Scenes\ResultScene\Objects">
      <UniqueIdentifier>{7e95942f-3771-4368-ae2c-891d8bc05143}</UniqueIdentifier>
    </Filter>
  </ItemGroup>
  <ItemGroup>
    <ClInclude Include="Resources\Icon\Icon.h">
      <Filter>Assets</Filter>
    </ClInclude>
    <ClInclude Include="Game.h">
      <Filter>GameLoop</Filter>
    </ClInclude>
    <ClInclude Include="Game\GameMain.h">
      <Filter>GameMain</Filter>
    </ClInclude>
    <ClInclude Include="Game\IScene.h">
      <Filter>IScene</Filter>
    </ClInclude>
    <ClInclude Include="pch.h">
      <Filter>pch</Filter>
    </ClInclude>
    <ClInclude Include="Game\TitleScene\TitleScene.h">
      <Filter>Scenes\TitleScene</Filter>
    </ClInclude>
    <ClInclude Include="Game\SelectScene\SelectScene.h">
      <Filter>Scenes\SelectScene</Filter>
    </ClInclude>
    <ClInclude Include="Game\ResultScene\ResultScene.h">
      <Filter>Scenes\ResultScene</Filter>
    </ClInclude>
    <ClInclude Include="Libraries\SystemDatas\Camera.h">
      <Filter>Common\Camera</Filter>
    </ClInclude>
    <ClInclude Include="Libraries\SystemDatas\Collider.h">
      <Filter>Common\Collider</Filter>
    </ClInclude>
    <ClInclude Include="DeviceResources.h">
      <Filter>Common\DeviceResources</Filter>
    </ClInclude>
    <ClInclude Include="Libraries\SystemDatas\DrawString.h">
      <Filter>Common\DrawString</Filter>
    </ClInclude>
    <ClInclude Include="Libraries\SystemDatas\GridFloor.h">
      <Filter>Common\GridFloor</Filter>
    </ClInclude>
    <ClInclude Include="Libraries\SystemDatas\MapLoad.h">
      <Filter>Common\MapLoad</Filter>
    </ClInclude>
    <ClInclude Include="Libraries\SystemDatas\RayCast.h">
      <Filter>Common\RayCast</Filter>
    </ClInclude>
    <ClInclude Include="Libraries\UserUtility.h">
      <Filter>Common\HeaderOnly</Filter>
    </ClInclude>
    <ClInclude Include="StepTimer.h">
      <Filter>Common\HeaderOnly</Filter>
    </ClInclude>
    <ClInclude Include="Libraries\SystemManager\SystemManager.h">
      <Filter>SystemManager</Filter>
    </ClInclude>
    <ClInclude Include="Game\PlayScene\PlayScene.h">
      <Filter>Scenes\PlayScene</Filter>
    </ClInclude>
    <ClInclude Include="Game\EditScene\EditScene.h">
      <Filter>Scenes\EditScene</Filter>
    </ClInclude>
    <ClInclude Include="Libraries\Factories\ModelFactory.h">
      <Filter>Factories</Filter>
    </ClInclude>
    <ClInclude Include="Libraries\SystemDatas\DrawSprite.h">
      <Filter>Common\DrawSprite</Filter>
    </ClInclude>
    <ClInclude Include="Game\PlayScene\Objects\Player.h">
      <Filter>Scenes\PlayScene\Objects\Player</Filter>
    </ClInclude>
    <ClInclude Include="Game\EditScene\Objects\UserInterface.h">
      <Filter>Scenes\EditScene\Objects\UserInterface</Filter>
    </ClInclude>
    <ClInclude Include="Libraries\SystemDatas\Fade.h">
      <Filter>Common\Fade</Filter>
    </ClInclude>
    <ClInclude Include="Game\PlayScene\Objects\PlayerBill.h">
      <Filter>Scenes\PlayScene\Objects\PlayerBill</Filter>
    </ClInclude>
    <ClInclude Include="Libraries\SystemDatas\LoadFile.h">
      <Filter>Common\LoadFile</Filter>
    </ClInclude>
    <ClInclude Include="Libraries\SystemDatas\ParticleUtility.h">
      <Filter>Common\ParticleUtility</Filter>
    </ClInclude>
    <ClInclude Include="Game\PlayScene\Objects\Blocks.h">
      <Filter>Scenes\PlayScene\Objects\Blocks</Filter>
    </ClInclude>
    <ClInclude Include="Game\PlayScene\Objects\PlayUI.h">
      <Filter>Scenes\PlayScene\Objects\PlayUI</Filter>
    </ClInclude>
    <ClInclude Include="Game\PlayScene\System\ThirdPersonCamera.h">
      <Filter>Scenes\PlayScene\System</Filter>
    </ClInclude>
    <ClInclude Include="Game\TitleScene\Objects\TitleUI.h">
      <Filter>Scenes\TitleScene\Objects\TitleUI</Filter>
    </ClInclude>
    <ClInclude Include="Libraries\SystemDatas\MouseCursor.h">
      <Filter>Common\MouseCursor</Filter>
    </ClInclude>
    <ClInclude Include="Game\SelectScene\Objects\SelectUI.h">
      <Filter>Scenes\SelectScene\Objects\SelectUI</Filter>
    </ClInclude>
    <ClInclude Include="Libraries\SystemDatas\SoundManager.h">
      <Filter>Common\SoundEffect</Filter>
    </ClInclude>
    <ClInclude Include="SoundList.h">
      <Filter>Common\SoundEffect</Filter>
    </ClInclude>
    <ClInclude Include="Game\ResultScene\Objects\ResultUI.h">
      <Filter>Scenes\ResultScene\Objects</Filter>
    </ClInclude>
    <ClInclude Include="Game\PlayScene\System\PlayCamera.h">
      <Filter>Scenes\PlayScene\System</Filter>
    </ClInclude>
  </ItemGroup>
  <ItemGroup>
    <ClCompile Include="Game.cpp">
      <Filter>GameLoop</Filter>
    </ClCompile>
    <ClCompile Include="Main.cpp">
      <Filter>GameLoop</Filter>
    </ClCompile>
    <ClCompile Include="Game\GameMain.cpp">
      <Filter>GameMain</Filter>
    </ClCompile>
    <ClCompile Include="Game\IScene.cpp">
      <Filter>IScene</Filter>
    </ClCompile>
    <ClCompile Include="pch.cpp">
      <Filter>pch</Filter>
    </ClCompile>
    <ClCompile Include="Game\TitleScene\TitleScene.cpp">
      <Filter>Scenes\TitleScene</Filter>
    </ClCompile>
    <ClCompile Include="Game\SelectScene\SelectScene.cpp">
      <Filter>Scenes\SelectScene</Filter>
    </ClCompile>
    <ClCompile Include="Game\ResultScene\ResultScene.cpp">
      <Filter>Scenes\ResultScene</Filter>
    </ClCompile>
    <ClCompile Include="Libraries\SystemDatas\Camera.cpp">
      <Filter>Common\Camera</Filter>
    </ClCompile>
    <ClCompile Include="Libraries\SystemDatas\Collider.cpp">
      <Filter>Common\Collider</Filter>
    </ClCompile>
    <ClCompile Include="DeviceResources.cpp">
      <Filter>Common\DeviceResources</Filter>
    </ClCompile>
    <ClCompile Include="Libraries\SystemDatas\DrawString.cpp">
      <Filter>Common\DrawString</Filter>
    </ClCompile>
    <ClCompile Include="Libraries\SystemDatas\GridFloor.cpp">
      <Filter>Common\GridFloor</Filter>
    </ClCompile>
    <ClCompile Include="Libraries\SystemDatas\MapLoad.cpp">
      <Filter>Common\MapLoad</Filter>
    </ClCompile>
    <ClCompile Include="Libraries\SystemDatas\RayCast.cpp">
      <Filter>Common\RayCast</Filter>
    </ClCompile>
    <ClCompile Include="Libraries\SystemManager\SystemManager.cpp">
      <Filter>SystemManager</Filter>
    </ClCompile>
    <ClCompile Include="Game\PlayScene\PlayScene.cpp">
      <Filter>Scenes\PlayScene</Filter>
    </ClCompile>
    <ClCompile Include="Game\EditScene\EditScene.cpp">
      <Filter>Scenes\EditScene</Filter>
    </ClCompile>
    <ClCompile Include="Libraries\Factories\ModelFactory.cpp">
      <Filter>Factories</Filter>
    </ClCompile>
    <ClCompile Include="Libraries\SystemDatas\DrawSprite.cpp">
      <Filter>Common\DrawSprite</Filter>
    </ClCompile>
    <ClCompile Include="Game\PlayScene\Objects\Player.cpp">
      <Filter>Scenes\PlayScene\Objects\Player</Filter>
    </ClCompile>
    <ClCompile Include="Game\EditScene\Objects\UserInterface.cpp">
      <Filter>Scenes\EditScene\Objects\UserInterface</Filter>
    </ClCompile>
    <ClCompile Include="Libraries\SystemDatas\Fade.cpp">
      <Filter>Common\Fade</Filter>
    </ClCompile>
    <ClCompile Include="Game\PlayScene\Objects\PlayerBill.cpp">
      <Filter>Scenes\PlayScene\Objects\PlayerBill</Filter>
    </ClCompile>
    <ClCompile Include="Libraries\SystemDatas\LoadFile.cpp">
      <Filter>Common\LoadFile</Filter>
    </ClCompile>
    <ClCompile Include="Libraries\SystemDatas\ParticleUtility.cpp">
      <Filter>Common\ParticleUtility</Filter>
    </ClCompile>
    <ClCompile Include="Game\PlayScene\Objects\Blocks.cpp">
      <Filter>Scenes\PlayScene\Objects\Blocks</Filter>
    </ClCompile>
    <ClCompile Include="Game\PlayScene\Objects\PlayUI.cpp">
      <Filter>Scenes\PlayScene\Objects\PlayUI</Filter>
    </ClCompile>
    <ClCompile Include="Game\PlayScene\System\ThirdPersonCamera.cpp">
      <Filter>Scenes\PlayScene\System</Filter>
    </ClCompile>
    <ClCompile Include="Game\TitleScene\Objects\TitleUI.cpp">
      <Filter>Scenes\TitleScene\Objects\TitleUI</Filter>
    </ClCompile>
    <ClCompile Include="Libraries\SystemDatas\MouseCursor.cpp">
      <Filter>Common\MouseCursor</Filter>
    </ClCompile>
    <ClCompile Include="Game\SelectScene\Objects\SelectUI.cpp">
      <Filter>Scenes\SelectScene\Objects\SelectUI</Filter>
    </ClCompile>
    <ClCompile Include="Libraries\SystemDatas\SoundManager.cpp">
      <Filter>Common\SoundEffect</Filter>
    </ClCompile>
    <ClCompile Include="Game\ResultScene\Objects\ResultUI.cpp">
      <Filter>Scenes\ResultScene\Objects</Filter>
    </ClCompile>
    <ClCompile Include="Game\PlayScene\System\PlayCamera.cpp">
      <Filter>Scenes\PlayScene\System</Filter>
    </ClCompile>
  </ItemGroup>
  <ItemGroup>
    <ResourceCompile Include="Resources\Icon\Icon.rc">
      <Filter>Assets</Filter>
    </ResourceCompile>
    <ResourceCompile Include="resource.rc">
      <Filter>Assets</Filter>
    </ResourceCompile>
  </ItemGroup>
  <ItemGroup>
    <Image Include="Resources\Textures\PlayerPoint.png">
      <Filter>Resources\ShaderTextures</Filter>
    </Image>
    <Image Include="Resources\Textures\FONT\SELECT.dds">
      <Filter>Resources\Textures\FONT</Filter>
    </Image>
    <Image Include="Resources\Textures\FONT\TITLE.dds">
      <Filter>Resources\Textures\FONT</Filter>
    </Image>
    <Image Include="Resources\Textures\FONT\RETRY.dds">
      <Filter>Resources\Textures\FONT</Filter>
    </Image>
    <Image Include="Resources\Textures\FONT\COINS.dds">
      <Filter>Resources\Textures\FONT</Filter>
    </Image>
    <Image Include="Resources\Textures\BLOCK\ClowdIcon.dds">
      <Filter>Resources\Textures\BLOCK</Filter>
    </Image>
    <Image Include="Resources\Textures\BLOCK\CoinIcon.dds">
      <Filter>Resources\Textures\BLOCK</Filter>
    </Image>
    <Image Include="Resources\Textures\BLOCK\GrassIcon.dds">
      <Filter>Resources\Textures\BLOCK</Filter>
    </Image>
    <Image Include="Resources\Textures\BLOCK\ReClowdIcon.dds">
      <Filter>Resources\Textures\BLOCK</Filter>
    </Image>
    <Image Include="Resources\Textures\BLOCK\PlayerIcon.dds">
      <Filter>Resources\Textures\BLOCK</Filter>
    </Image>
    <Image Include="Resources\Textures\BLOCK\DeleteIcon.dds">
      <Filter>Resources\Textures\BLOCK</Filter>
    </Image>
    <Image Include="Resources\Textures\TITLE_BUTTON\Exit.dds">
      <Filter>Resources\Textures\TITLE_BUTTON</Filter>
    </Image>
    <Image Include="Resources\Textures\TITLE_BUTTON\Start.dds">
      <Filter>Resources\Textures\TITLE_BUTTON</Filter>
    </Image>
    <Image Include="Resources\Textures\TITLE_BUTTON\UnderLine.dds">
      <Filter>Resources\Textures\TITLE_BUTTON</Filter>
    </Image>
    <Image Include="Resources\Textures\Camera.dds">
      <Filter>Resources\Textures\EditScene</Filter>
    </Image>
    <Image Include="Resources\Textures\CameraMove.dds">
      <Filter>Resources\Textures\EditScene</Filter>
    </Image>
    <Image Include="Resources\Textures\EditToolBar.dds">
      <Filter>Resources\Textures\EditScene</Filter>
    </Image>
    <Image Include="Resources\Textures\OpenFile.dds">
      <Filter>Resources\Textures\EditScene</Filter>
    </Image>
    <Image Include="Resources\Textures\SaveFile.dds">
      <Filter>Resources\Textures\EditScene</Filter>
    </Image>
    <Image Include="Resources\Textures\ToolOn.dds">
      <Filter>Resources\Textures\EditScene</Filter>
    </Image>
    <Image Include="Resources\Textures\ToolOff.dds">
      <Filter>Resources\Textures\EditScene</Filter>
    </Image>
    <Image Include="Resources\Textures\Clock.dds">
      <Filter>Resources\Textures\ResultScene</Filter>
    </Image>
    <Image Include="Resources\Textures\ResultBack.dds">
      <Filter>Resources\Textures\ResultScene</Filter>
    </Image>
    <Image Include="Resources\Textures\Number.dds">
      <Filter>Resources\Textures\Common</Filter>
    </Image>
    <Image Include="Resources\Textures\DeathEffect.dds">
      <Filter>Resources\Textures\Common</Filter>
    </Image>
    <Image Include="Resources\Textures\FadeBlind.dds">
      <Filter>Resources\Textures\Common</Filter>
    </Image>
    <Image Include="Resources\Textures\PLAY_HELP\Help.dds">
      <Filter>Resources\Textures\PLAY_UI\PLAY_HELP</Filter>
    </Image>
    <Image Include="Resources\Textures\PLAY_HELP\HelpBack.dds">
      <Filter>Resources\Textures\PLAY_UI\PLAY_HELP</Filter>
    </Image>
    <Image Include="Resources\Textures\PLAY_HELP\OpenHelp.dds">
      <Filter>Resources\Textures\PLAY_UI\PLAY_HELP</Filter>
    </Image>
    <Image Include="Resources\Textures\ADHESION\Adhesion1.dds">
      <Filter>Resources\Textures\ADHESION</Filter>
    </Image>
    <Image Include="Resources\Textures\SELECT_INFO\LeftArrow.dds">
      <Filter>Resources\Textures\SELECT_INFO</Filter>
    </Image>
    <Image Include="Resources\Textures\SELECT_INFO\RightArrow.dds">
      <Filter>Resources\Textures\SELECT_INFO</Filter>
    </Image>
    <Image Include="Resources\Textures\MouseCursor.dds">
      <Filter>Resources\Textures\EditScene</Filter>
    </Image>
    <Image Include="Resources\Textures\SELECT_INFO\TotalCoins.dds">
      <Filter>Resources\Textures\SELECT_INFO</Filter>
    </Image>
    <Image Include="Resources\Textures\FONT\CLEAR.dds">
      <Filter>Resources\Textures\ResultScene</Filter>
    </Image>
    <Image Include="Resources\Textures\FONT\GETCOINS.dds">
      <Filter>Resources\Textures\ResultScene</Filter>
    </Image>
    <Image Include="Resources\Textures\BackSelect.dds">
      <Filter>Resources\Textures\EditScene</Filter>
    </Image>
    <Image Include="Resources\Textures\ResultFonts.dds">
      <Filter>Resources\Textures\ResultScene</Filter>
    </Image>
    <Image Include="Resources\Textures\UnderFont.dds">
      <Filter>Resources\Textures\PLAY_UI\PLAY_HELP</Filter>
    </Image>
    <Image Include="Resources\Textures\UnderLine.dds">
      <Filter>Resources\Textures\PLAY_UI\PLAY_HELP</Filter>
    </Image>
  </ItemGroup>
  <ItemGroup>
    <Manifest Include="settings.manifest">
      <Filter>Assets</Filter>
    </Manifest>
  </ItemGroup>
  <ItemGroup>
    <None Include="packages.config">
      <Filter>Assets</Filter>
    </None>
    <None Include="Resources\Fonts\myfile.spritefont">
      <Filter>Assets</Filter>
    </None>
    <None Include="Resources\Fonts\SegoeUI_18.spritefont">
      <Filter>Assets</Filter>
    </None>
    <None Include="Resources\Shaders\PlayerPoint.hlsli">
      <Filter>Resources\Shaders</Filter>
    </None>
    <None Include="Resources\Models\Stage1.cmo">
      <Filter>Resources\Models\Stage</Filter>
    </None>
    <None Include="Resources\Models\Stage2.cmo">
      <Filter>Resources\Models\Stage</Filter>
    </None>
    <None Include="Resources\Models\Stage3.cmo">
      <Filter>Resources\Models\Stage</Filter>
    </None>
    <None Include="Resources\Models\StageEdit.cmo">
      <Filter>Resources\Models\Stage</Filter>
    </None>
    <None Include="Resources\Models\Stage4.cmo">
      <Filter>Resources\Models\Stage</Filter>
    </None>
    <None Include="Resources\Models\Stage5.cmo">
      <Filter>Resources\Models\Stage</Filter>
    </None>
    <None Include="Resources\Models\Stage6.cmo">
      <Filter>Resources\Models\Stage</Filter>
    </None>
    <None Include="Resources\Models\Stage7.cmo">
      <Filter>Resources\Models\Stage</Filter>
    </None>
    <None Include="Resources\Models\Stage8.cmo">
      <Filter>Resources\Models\Stage</Filter>
    </None>
    <None Include="Resources\Models\Stage9.cmo">
      <Filter>Resources\Models\Stage</Filter>
    </None>
    <None Include="Resources\Models\Bird.cmo">
      <Filter>Resources\Models\Player</Filter>
    </None>
    <None Include="Resources\Models\LegL.cmo">
      <Filter>Resources\Models\Player</Filter>
    </None>
    <None Include="Resources\Models\LegR.cmo">
      <Filter>Resources\Models\Player</Filter>
    </None>
    <None Include="Resources\Models\Coin.cmo">
      <Filter>Resources\Models\MapObject</Filter>
    </None>
    <None Include="Resources\Models\GrassBlock.cmo">
      <Filter>Resources\Models\MapObject</Filter>
    </None>
    <None Include="Resources\Models\MoveBlock.cmo">
      <Filter>Resources\Models\MapObject</Filter>
    </None>
    <None Include="Resources\Models\ResetPt.cmo">
      <Filter>Resources\Models\MapObject</Filter>
    </None>
    <None Include="Resources\Models\ShineSky.cmo">
      <Filter>Resources\Models\SkyDome</Filter>
    </None>
    <None Include="Resources\Models\Spacedome.cmo">
      <Filter>Resources\Models\SkyDome</Filter>
    </None>
    <None Include="Resources\Models\TitleLogo.cmo">
      <Filter>Resources\Models\TitleScene</Filter>
    </None>
    <None Include="Resources\Models\TitleStage.cmo">
      <Filter>Resources\Models\TitleScene</Filter>
    </None>
    <None Include="Resources\Models\Eraser.cmo">
      <Filter>Resources\Models\EditScene</Filter>
    </None>
    <None Include="Resources\Models\Body.cmo">
      <Filter>Resources\Models\Player</Filter>
    </None>
    <None Include="Resources\Models\Head.cmo">
      <Filter>Resources\Models\Player</Filter>
    </None>
    <None Include="Resources\Models\TitleLogoVer2.cmo">
      <Filter>Resources\Models\TitleScene</Filter>
    </None>
  </ItemGroup>
  <ItemGroup>
    <Text Include="DevelopMemo.txt">
      <Filter>Assets</Filter>
    </Text>
    <Text Include="説明書.txt">
      <Filter>Assets</Filter>
    </Text>
  </ItemGroup>
  <ItemGroup>
    <FxCompile Include="Resources\Shaders\PlayerPointGS.hlsl">
      <Filter>Resources\Shaders</Filter>
    </FxCompile>
    <FxCompile Include="Resources\Shaders\PlayerPointPS.hlsl">
      <Filter>Resources\Shaders</Filter>
    </FxCompile>
    <FxCompile Include="Resources\Shaders\PlayerPointVS.hlsl">
      <Filter>Resources\Shaders</Filter>
    </FxCompile>
  </ItemGroup>
  <ItemGroup>
    <ImageContentTask Include="Resources\Textures\ResultFonts.png">
      <Filter>Resources\Textures\ResultScene</Filter>
    </ImageContentTask>
  </ItemGroup>
</Project>